
Microsoft Visual Studio Solution File, Format Version 12.00
# Visual Studio 15
VisualStudioVersion = 15.0.28307.136
MinimumVisualStudioVersion = 10.0.40219.1
Project("{2150E333-8FDC-42A3-9474-1A3956D46DE8}") = "A1.队列和栈", "A1.队列和栈", "{30244B2D-7F68-4D74-AFE9-9C97A97CEDF6}"
EndProject
Project("{9A19103F-16F7-4668-BE54-9A1E7A4F7556}") = "001.队列-实现", "001.队列-实现\001.队列-实现.csproj", "{0286BFF6-9395-4F47-BBFD-AD328FDE31D1}"
EndProject
Project("{9A19103F-16F7-4668-BE54-9A1E7A4F7556}") = "002.循环队列", "002.循环队列\002.循环队列.csproj", "{E64C1256-8417-435B-AA13-14F816B119AE}"
EndProject
Project("{9A19103F-16F7-4668-BE54-9A1E7A4F7556}") = "003.队列-内置用法", "003.队列-内置用法\003.队列-内置用法.csproj", "{E53C3D0B-B81C-4331-A9D5-E16D635FFAA9}"
EndProject
Project("{2150E333-8FDC-42A3-9474-1A3956D46DE8}") = "A2.队列和广度优先搜索", "A2.队列和广度优先搜索", "{631D0FAF-0ECB-446B-B3AD-1EDC12D8CE77}"
EndProject
Project("{9A19103F-16F7-4668-BE54-9A1E7A4F7556}") = "004.广度优先搜索", "004.广度优先搜索\004.广度优先搜索.csproj", "{E05CE09A-7BE3-419B-9437-AAC3D087158E}"
EndProject
Project("{9A19103F-16F7-4668-BE54-9A1E7A4F7556}") = "005.岛屿的个数", "005.岛屿的个数\005.岛屿的个数.csproj", "{29C70D37-0EFF-49DB-95BF-4D6A8C58BDDD}"
EndProject
Project("{9A19103F-16F7-4668-BE54-9A1E7A4F7556}") = "006.打开转盘锁", "006.打开转盘锁\006.打开转盘锁.csproj", "{F15D9A89-5760-4ACB-B720-FE79D62CEE95}"
EndProject
Project("{9A19103F-16F7-4668-BE54-9A1E7A4F7556}") = "007.完全平方", "007.完全平方\007.完全平方.csproj", "{AB5AB809-E49A-43C1-81E2-D356E758B32E}"
EndProject
Project("{2150E333-8FDC-42A3-9474-1A3956D46DE8}") = "A3.栈：后入先出的数据结构", "A3.栈：后入先出的数据结构", "{AB16DE87-78F4-4026-9539-E14AC233A0AB}"
EndProject
Project("{9A19103F-16F7-4668-BE54-9A1E7A4F7556}") = "008.栈的实现", "008.栈的实现\008.栈的实现.csproj", "{5DF5089B-3555-44C9-876B-3DF62359D3E0}"
EndProject
Project("{9A19103F-16F7-4668-BE54-9A1E7A4F7556}") = "009.内置的栈", "009.内置的栈\009.内置的栈.csproj", "{5A55F66F-E092-4ADA-9A92-153F53EEA99C}"
EndProject
Project("{2150E333-8FDC-42A3-9474-1A3956D46DE8}") = "C1.初级算法", "C1.初级算法", "{F7CC81C6-202F-44C9-A4A4-0A9530EFB41C}"
EndProject
Project("{9A19103F-16F7-4668-BE54-9A1E7A4F7556}") = "C1.001.01-从排序数组中删除重复项", "C1.001.01-从排序数组中删除重复项\C1.001.01-从排序数组中删除重复项.csproj", "{165876D2-ED19-4D75-9207-A3E14CB3D2F6}"
EndProject
Project("{9A19103F-16F7-4668-BE54-9A1E7A4F7556}") = "C1.002.01-买卖股票的最佳时机II", "C1.002.01-买卖股票的最佳时机II\C1.002.01-买卖股票的最佳时机II.csproj", "{DA279D0E-D997-45DD-8D9A-156A1E8C6CBB}"
EndProject
Project("{9A19103F-16F7-4668-BE54-9A1E7A4F7556}") = "C1.003.01-旋转数组", "C1.003.01-旋转数组\C1.003.01-旋转数组.csproj", "{59865072-AB3A-4690-A5D9-500969005FB2}"
EndProject
Project("{9A19103F-16F7-4668-BE54-9A1E7A4F7556}") = "C1.004.01-存在重复", "C1.004.01-存在重复\C1.004.01-存在重复.csproj", "{56A149B0-9DC5-4DBA-BEB0-DAD563C27517}"
EndProject
Project("{9A19103F-16F7-4668-BE54-9A1E7A4F7556}") = "C1.005.01-只出现一次的数字", "C1.005.01-只出现一次的数字\C1.005.01-只出现一次的数字.csproj", "{2B9F5ED9-B9F2-4626-991B-A3D8D297283C}"
EndProject
Project("{FAE04EC0-301F-11D3-BF4B-00C04F79EFBC}") = "C1.006.01-两个数组的交集II", "C1.006.01-两个数组的交集II\C1.006.01-两个数组的交集II.csproj", "{A6C8686D-4594-4CD4-A8C1-B824797EC40A}"
EndProject
Project("{FAE04EC0-301F-11D3-BF4B-00C04F79EFBC}") = "C1.007.01-加一", "C1.007.01-加一\C1.007.01-加一.csproj", "{71F8BC84-9666-4E07-A60F-CB6E56603C83}"
EndProject
Global
	GlobalSection(SolutionConfigurationPlatforms) = preSolution
		Debug|Any CPU = Debug|Any CPU
		Release|Any CPU = Release|Any CPU
	EndGlobalSection
	GlobalSection(ProjectConfigurationPlatforms) = postSolution
		{0286BFF6-9395-4F47-BBFD-AD328FDE31D1}.Debug|Any CPU.ActiveCfg = Debug|Any CPU
		{0286BFF6-9395-4F47-BBFD-AD328FDE31D1}.Debug|Any CPU.Build.0 = Debug|Any CPU
		{0286BFF6-9395-4F47-BBFD-AD328FDE31D1}.Release|Any CPU.ActiveCfg = Release|Any CPU
		{0286BFF6-9395-4F47-BBFD-AD328FDE31D1}.Release|Any CPU.Build.0 = Release|Any CPU
		{E64C1256-8417-435B-AA13-14F816B119AE}.Debug|Any CPU.ActiveCfg = Debug|Any CPU
		{E64C1256-8417-435B-AA13-14F816B119AE}.Debug|Any CPU.Build.0 = Debug|Any CPU
		{E64C1256-8417-435B-AA13-14F816B119AE}.Release|Any CPU.ActiveCfg = Release|Any CPU
		{E64C1256-8417-435B-AA13-14F816B119AE}.Release|Any CPU.Build.0 = Release|Any CPU
		{E53C3D0B-B81C-4331-A9D5-E16D635FFAA9}.Debug|Any CPU.ActiveCfg = Debug|Any CPU
		{E53C3D0B-B81C-4331-A9D5-E16D635FFAA9}.Debug|Any CPU.Build.0 = Debug|Any CPU
		{E53C3D0B-B81C-4331-A9D5-E16D635FFAA9}.Release|Any CPU.ActiveCfg = Release|Any CPU
		{E53C3D0B-B81C-4331-A9D5-E16D635FFAA9}.Release|Any CPU.Build.0 = Release|Any CPU
		{E05CE09A-7BE3-419B-9437-AAC3D087158E}.Debug|Any CPU.ActiveCfg = Debug|Any CPU
		{E05CE09A-7BE3-419B-9437-AAC3D087158E}.Debug|Any CPU.Build.0 = Debug|Any CPU
		{E05CE09A-7BE3-419B-9437-AAC3D087158E}.Release|Any CPU.ActiveCfg = Release|Any CPU
		{E05CE09A-7BE3-419B-9437-AAC3D087158E}.Release|Any CPU.Build.0 = Release|Any CPU
		{29C70D37-0EFF-49DB-95BF-4D6A8C58BDDD}.Debug|Any CPU.ActiveCfg = Debug|Any CPU
		{29C70D37-0EFF-49DB-95BF-4D6A8C58BDDD}.Debug|Any CPU.Build.0 = Debug|Any CPU
		{29C70D37-0EFF-49DB-95BF-4D6A8C58BDDD}.Release|Any CPU.ActiveCfg = Release|Any CPU
		{29C70D37-0EFF-49DB-95BF-4D6A8C58BDDD}.Release|Any CPU.Build.0 = Release|Any CPU
		{F15D9A89-5760-4ACB-B720-FE79D62CEE95}.Debug|Any CPU.ActiveCfg = Debug|Any CPU
		{F15D9A89-5760-4ACB-B720-FE79D62CEE95}.Debug|Any CPU.Build.0 = Debug|Any CPU
		{F15D9A89-5760-4ACB-B720-FE79D62CEE95}.Release|Any CPU.ActiveCfg = Release|Any CPU
		{F15D9A89-5760-4ACB-B720-FE79D62CEE95}.Release|Any CPU.Build.0 = Release|Any CPU
		{AB5AB809-E49A-43C1-81E2-D356E758B32E}.Debug|Any CPU.ActiveCfg = Debug|Any CPU
		{AB5AB809-E49A-43C1-81E2-D356E758B32E}.Debug|Any CPU.Build.0 = Debug|Any CPU
		{AB5AB809-E49A-43C1-81E2-D356E758B32E}.Release|Any CPU.ActiveCfg = Release|Any CPU
		{AB5AB809-E49A-43C1-81E2-D356E758B32E}.Release|Any CPU.Build.0 = Release|Any CPU
		{5DF5089B-3555-44C9-876B-3DF62359D3E0}.Debug|Any CPU.ActiveCfg = Debug|Any CPU
		{5DF5089B-3555-44C9-876B-3DF62359D3E0}.Debug|Any CPU.Build.0 = Debug|Any CPU
		{5DF5089B-3555-44C9-876B-3DF62359D3E0}.Release|Any CPU.ActiveCfg = Release|Any CPU
		{5DF5089B-3555-44C9-876B-3DF62359D3E0}.Release|Any CPU.Build.0 = Release|Any CPU
		{5A55F66F-E092-4ADA-9A92-153F53EEA99C}.Debug|Any CPU.ActiveCfg = Debug|Any CPU
		{5A55F66F-E092-4ADA-9A92-153F53EEA99C}.Debug|Any CPU.Build.0 = Debug|Any CPU
		{5A55F66F-E092-4ADA-9A92-153F53EEA99C}.Release|Any CPU.ActiveCfg = Release|Any CPU
		{5A55F66F-E092-4ADA-9A92-153F53EEA99C}.Release|Any CPU.Build.0 = Release|Any CPU
		{165876D2-ED19-4D75-9207-A3E14CB3D2F6}.Debug|Any CPU.ActiveCfg = Debug|Any CPU
		{165876D2-ED19-4D75-9207-A3E14CB3D2F6}.Debug|Any CPU.Build.0 = Debug|Any CPU
		{165876D2-ED19-4D75-9207-A3E14CB3D2F6}.Release|Any CPU.ActiveCfg = Release|Any CPU
		{165876D2-ED19-4D75-9207-A3E14CB3D2F6}.Release|Any CPU.Build.0 = Release|Any CPU
		{DA279D0E-D997-45DD-8D9A-156A1E8C6CBB}.Debug|Any CPU.ActiveCfg = Debug|Any CPU
		{DA279D0E-D997-45DD-8D9A-156A1E8C6CBB}.Debug|Any CPU.Build.0 = Debug|Any CPU
		{DA279D0E-D997-45DD-8D9A-156A1E8C6CBB}.Release|Any CPU.ActiveCfg = Release|Any CPU
		{DA279D0E-D997-45DD-8D9A-156A1E8C6CBB}.Release|Any CPU.Build.0 = Release|Any CPU
		{59865072-AB3A-4690-A5D9-500969005FB2}.Debug|Any CPU.ActiveCfg = Debug|Any CPU
		{59865072-AB3A-4690-A5D9-500969005FB2}.Debug|Any CPU.Build.0 = Debug|Any CPU
		{59865072-AB3A-4690-A5D9-500969005FB2}.Release|Any CPU.ActiveCfg = Release|Any CPU
		{59865072-AB3A-4690-A5D9-500969005FB2}.Release|Any CPU.Build.0 = Release|Any CPU
		{56A149B0-9DC5-4DBA-BEB0-DAD563C27517}.Debug|Any CPU.ActiveCfg = Debug|Any CPU
		{56A149B0-9DC5-4DBA-BEB0-DAD563C27517}.Debug|Any CPU.Build.0 = Debug|Any CPU
		{56A149B0-9DC5-4DBA-BEB0-DAD563C27517}.Release|Any CPU.ActiveCfg = Release|Any CPU
		{56A149B0-9DC5-4DBA-BEB0-DAD563C27517}.Release|Any CPU.Build.0 = Release|Any CPU
		{2B9F5ED9-B9F2-4626-991B-A3D8D297283C}.Debug|Any CPU.ActiveCfg = Debug|Any CPU
		{2B9F5ED9-B9F2-4626-991B-A3D8D297283C}.Debug|Any CPU.Build.0 = Debug|Any CPU
		{2B9F5ED9-B9F2-4626-991B-A3D8D297283C}.Release|Any CPU.ActiveCfg = Release|Any CPU
		{2B9F5ED9-B9F2-4626-991B-A3D8D297283C}.Release|Any CPU.Build.0 = Release|Any CPU
		{A6C8686D-4594-4CD4-A8C1-B824797EC40A}.Debug|Any CPU.ActiveCfg = Debug|Any CPU
		{A6C8686D-4594-4CD4-A8C1-B824797EC40A}.Debug|Any CPU.Build.0 = Debug|Any CPU
		{A6C8686D-4594-4CD4-A8C1-B824797EC40A}.Release|Any CPU.ActiveCfg = Release|Any CPU
		{A6C8686D-4594-4CD4-A8C1-B824797EC40A}.Release|Any CPU.Build.0 = Release|Any CPU
		{71F8BC84-9666-4E07-A60F-CB6E56603C83}.Debug|Any CPU.ActiveCfg = Debug|Any CPU
		{71F8BC84-9666-4E07-A60F-CB6E56603C83}.Debug|Any CPU.Build.0 = Debug|Any CPU
		{71F8BC84-9666-4E07-A60F-CB6E56603C83}.Release|Any CPU.ActiveCfg = Release|Any CPU
		{71F8BC84-9666-4E07-A60F-CB6E56603C83}.Release|Any CPU.Build.0 = Release|Any CPU
	EndGlobalSection
	GlobalSection(SolutionProperties) = preSolution
		HideSolutionNode = FALSE
	EndGlobalSection
	GlobalSection(NestedProjects) = preSolution
		{0286BFF6-9395-4F47-BBFD-AD328FDE31D1} = {30244B2D-7F68-4D74-AFE9-9C97A97CEDF6}
		{E64C1256-8417-435B-AA13-14F816B119AE} = {30244B2D-7F68-4D74-AFE9-9C97A97CEDF6}
		{E53C3D0B-B81C-4331-A9D5-E16D635FFAA9} = {30244B2D-7F68-4D74-AFE9-9C97A97CEDF6}
		{E05CE09A-7BE3-419B-9437-AAC3D087158E} = {631D0FAF-0ECB-446B-B3AD-1EDC12D8CE77}
		{29C70D37-0EFF-49DB-95BF-4D6A8C58BDDD} = {631D0FAF-0ECB-446B-B3AD-1EDC12D8CE77}
		{F15D9A89-5760-4ACB-B720-FE79D62CEE95} = {631D0FAF-0ECB-446B-B3AD-1EDC12D8CE77}
		{AB5AB809-E49A-43C1-81E2-D356E758B32E} = {631D0FAF-0ECB-446B-B3AD-1EDC12D8CE77}
		{5DF5089B-3555-44C9-876B-3DF62359D3E0} = {AB16DE87-78F4-4026-9539-E14AC233A0AB}
		{5A55F66F-E092-4ADA-9A92-153F53EEA99C} = {AB16DE87-78F4-4026-9539-E14AC233A0AB}
		{165876D2-ED19-4D75-9207-A3E14CB3D2F6} = {F7CC81C6-202F-44C9-A4A4-0A9530EFB41C}
		{DA279D0E-D997-45DD-8D9A-156A1E8C6CBB} = {F7CC81C6-202F-44C9-A4A4-0A9530EFB41C}
		{59865072-AB3A-4690-A5D9-500969005FB2} = {F7CC81C6-202F-44C9-A4A4-0A9530EFB41C}
		{56A149B0-9DC5-4DBA-BEB0-DAD563C27517} = {F7CC81C6-202F-44C9-A4A4-0A9530EFB41C}
		{2B9F5ED9-B9F2-4626-991B-A3D8D297283C} = {F7CC81C6-202F-44C9-A4A4-0A9530EFB41C}
		{A6C8686D-4594-4CD4-A8C1-B824797EC40A} = {F7CC81C6-202F-44C9-A4A4-0A9530EFB41C}
		{71F8BC84-9666-4E07-A60F-CB6E56603C83} = {F7CC81C6-202F-44C9-A4A4-0A9530EFB41C}
	EndGlobalSection
	GlobalSection(ExtensibilityGlobals) = postSolution
		SolutionGuid = {6AC240D7-CE91-4F25-8FF1-F77D2A465490}
	EndGlobalSection
EndGlobal
